
Microsoft Visual Studio Solution File, Format Version 12.00
# Visual Studio Version 17
VisualStudioVersion = 17.9.34723.18
MinimumVisualStudioVersion = 10.0.40219.1
Project("{FAE04EC0-301F-11D3-BF4B-00C04F79EFBC}") = "CustomersAPI", "CustomersAPI\CustomersAPI.csproj", "{FD4C135D-4152-422C-A869-86A98ABB0CC4}"
EndProject
Global
	GlobalSection(SolutionConfigurationPlatforms) = preSolution
		Debug|Any CPU = Debug|Any CPU
		Release|Any CPU = Release|Any CPU
	EndGlobalSection
	GlobalSection(ProjectConfigurationPlatforms) = postSolution
		{FD4C135D-4152-422C-A869-86A98ABB0CC4}.Debug|Any CPU.ActiveCfg = Debug|Any CPU
		{FD4C135D-4152-422C-A869-86A98ABB0CC4}.Debug|Any CPU.Build.0 = Debug|Any CPU
		{FD4C135D-4152-422C-A869-86A98ABB0CC4}.Release|Any CPU.ActiveCfg = Release|Any CPU
		{FD4C135D-4152-422C-A869-86A98ABB0CC4}.Release|Any CPU.Build.0 = Release|Any CPU
	EndGlobalSection
	GlobalSection(SolutionProperties) = preSolution
		HideSolutionNode = FALSE
	EndGlobalSection
	GlobalSection(ExtensibilityGlobals) = postSolution
		SolutionGuid = {EEA6CDF0-3385-46B9-BC08-79312C631B84}
	EndGlobalSection
EndGlobal
